Microsoft Visual Studio Solution File, Format Version 12.00
# Visual Studio Version 17
VisualStudioVersion = 17.5.2.0
MinimumVisualStudioVersion = 10.0.40219.1
Project("{FAE04EC0-301F-11D3-BF4B-00C04F79EFBC}") = "IonProcessor", "IonProcessor\IonProcessor.csproj", "{435B3126-E1ED-7B6B-B1D6-67C0829CD6C9}"
EndProject
Global
	GlobalSection(SolutionConfigurationPlatforms) = preSolution
		Debug|Any CPU = Debug|Any CPU
		Release|Any CPU = Release|Any CPU
	EndGlobalSection
	GlobalSection(ProjectConfigurationPlatforms) = postSolution
		{435B3126-E1ED-7B6B-B1D6-67C0829CD6C9}.Debug|Any CPU.ActiveCfg = Debug|Any CPU
		{435B3126-E1ED-7B6B-B1D6-67C0829CD6C9}.Debug|Any CPU.Build.0 = Debug|Any CPU
		{435B3126-E1ED-7B6B-B1D6-67C0829CD6C9}.Release|Any CPU.ActiveCfg = Release|Any CPU
		{435B3126-E1ED-7B6B-B1D6-67C0829CD6C9}.Release|Any CPU.Build.0 = Release|Any CPU
	EndGlobalSection
	GlobalSection(SolutionProperties) = preSolution
		HideSolutionNode = FALSE
	EndGlobalSection
	GlobalSection(ExtensibilityGlobals) = postSolution
		SolutionGuid = {7B0A12EC-133C-41AA-B0FF-EC4B075C05F6}
	EndGlobalSection
EndGlobal
